
Microsoft Visual Studio Solution File, Format Version 12.00
# Visual Studio Version 17
VisualStudioVersion = 17.14.36414.22
MinimumVisualStudioVersion = 10.0.40219.1
Project("{FAE04EC0-301F-11D3-BF4B-00C04F79EFBC}") = "lab5-part-1", "lab5-part-1\lab5-part-1.csproj", "{73E74DDE-155D-4CB8-BFD7-C4B0F02766F1}"
EndProject
Project("{FAE04EC0-301F-11D3-BF4B-00C04F79EFBC}") = "lab5-part-2", "lab5-part-2\lab5-part-2.csproj", "{08F9C6FB-F781-4DC0-8715-0B34168517F7}"
EndProject
Global
	GlobalSection(SolutionConfigurationPlatforms) = preSolution
		Debug|Any CPU = Debug|Any CPU
		Release|Any CPU = Release|Any CPU
	EndGlobalSection
	GlobalSection(ProjectConfigurationPlatforms) = postSolution
		{73E74DDE-155D-4CB8-BFD7-C4B0F02766F1}.Debug|Any CPU.ActiveCfg = Debug|Any CPU
		{73E74DDE-155D-4CB8-BFD7-C4B0F02766F1}.Debug|Any CPU.Build.0 = Debug|Any CPU
		{73E74DDE-155D-4CB8-BFD7-C4B0F02766F1}.Release|Any CPU.ActiveCfg = Release|Any CPU
		{73E74DDE-155D-4CB8-BFD7-C4B0F02766F1}.Release|Any CPU.Build.0 = Release|Any CPU
		{08F9C6FB-F781-4DC0-8715-0B34168517F7}.Debug|Any CPU.ActiveCfg = Debug|Any CPU
		{08F9C6FB-F781-4DC0-8715-0B34168517F7}.Debug|Any CPU.Build.0 = Debug|Any CPU
		{08F9C6FB-F781-4DC0-8715-0B34168517F7}.Release|Any CPU.ActiveCfg = Release|Any CPU
		{08F9C6FB-F781-4DC0-8715-0B34168517F7}.Release|Any CPU.Build.0 = Release|Any CPU
	EndGlobalSection
	GlobalSection(SolutionProperties) = preSolution
		HideSolutionNode = FALSE
	EndGlobalSection
	GlobalSection(ExtensibilityGlobals) = postSolution
		SolutionGuid = {A200CC83-3995-4DDA-BAA2-C78A5871FEB1}
	EndGlobalSection
EndGlobal
